
Microsoft Visual Studio Solution File, Format Version 12.00
# Visual Studio Version 16
VisualStudioVersion = 16.0.29418.71
MinimumVisualStudioVersion = 10.0.40219.1
Project("{9A19103F-16F7-4668-BE54-9A1E7A4F7556}") = "Perfx", "Perfx\Perfx.csproj", "{FDCF59D6-BF73-4D40-9293-4299BDAE7108}"
EndProject
Project("{2150E333-8FDC-42A3-9474-1A3956D46DE8}") = "_Sln Items", "_Sln Items", "{C226D509-7EA6-4E1E-806D-1110B2280B66}"
	ProjectSection(SolutionItems) = preProject
		.gitignore = .gitignore
		LICENSE = LICENSE
		Notices.md = Notices.md
		README.md = README.md
	EndProjectSection
EndProject
Project("{9A19103F-16F7-4668-BE54-9A1E7A4F7556}") = "Perfx.Core", "Perfx.Core\Perfx.Core.csproj", "{6F17D52C-F0CB-4CF4-B1C1-1C2226CFD94A}"
EndProject
Project("{9A19103F-16F7-4668-BE54-9A1E7A4F7556}") = "Perfx.SamplePlugin", "Samples\Perfx.SamplePlugin\Perfx.SamplePlugin.csproj", "{83D297DE-ACFD-4495-86BF-79233655B1AA}"
EndProject
Project("{2150E333-8FDC-42A3-9474-1A3956D46DE8}") = "Sample", "Sample", "{E5B5CD14-2ED9-4484-8092-25000C9B155D}"
EndProject
Project("{2150E333-8FDC-42A3-9474-1A3956D46DE8}") = "Docs", "Docs", "{E1C208D2-F4F5-4F92-821D-03E1B419F9FD}"
	ProjectSection(SolutionItems) = preProject
		docs\index.html = docs\index.html
		Samples\Perfx.Settings.json = Samples\Perfx.Settings.json
		Samples\Perfx_Inputs.xlsx = Samples\Perfx_Inputs.xlsx
		Samples\Perfx_Pipeline.yml = Samples\Perfx_Pipeline.yml
	EndProjectSection
EndProject
Project("{9A19103F-16F7-4668-BE54-9A1E7A4F7556}") = "Perfx.Tests", "Perfx.Tests\Perfx.Tests.csproj", "{4AD5F812-6457-4E7D-B1C9-F66BE02C7958}"
EndProject
Global
	GlobalSection(SolutionConfigurationPlatforms) = preSolution
		Debug|x64 = Debug|x64
		Release|x64 = Release|x64
	EndGlobalSection
	GlobalSection(ProjectConfigurationPlatforms) = postSolution
		{FDCF59D6-BF73-4D40-9293-4299BDAE7108}.Debug|x64.ActiveCfg = Debug|x64
		{FDCF59D6-BF73-4D40-9293-4299BDAE7108}.Debug|x64.Build.0 = Debug|x64
		{FDCF59D6-BF73-4D40-9293-4299BDAE7108}.Release|x64.ActiveCfg = Release|x64
		{FDCF59D6-BF73-4D40-9293-4299BDAE7108}.Release|x64.Build.0 = Release|x64
		{6F17D52C-F0CB-4CF4-B1C1-1C2226CFD94A}.Debug|x64.ActiveCfg = Debug|x64
		{6F17D52C-F0CB-4CF4-B1C1-1C2226CFD94A}.Debug|x64.Build.0 = Debug|x64
		{6F17D52C-F0CB-4CF4-B1C1-1C2226CFD94A}.Release|x64.ActiveCfg = Release|x64
		{6F17D52C-F0CB-4CF4-B1C1-1C2226CFD94A}.Release|x64.Build.0 = Release|x64
		{83D297DE-ACFD-4495-86BF-79233655B1AA}.Debug|x64.ActiveCfg = Debug|Any CPU
		{83D297DE-ACFD-4495-86BF-79233655B1AA}.Release|x64.ActiveCfg = Release|Any CPU
		{83D297DE-ACFD-4495-86BF-79233655B1AA}.Release|x64.Build.0 = Release|Any CPU
		{4AD5F812-6457-4E7D-B1C9-F66BE02C7958}.Debug|x64.ActiveCfg = Debug|x64
		{4AD5F812-6457-4E7D-B1C9-F66BE02C7958}.Debug|x64.Build.0 = Debug|x64
		{4AD5F812-6457-4E7D-B1C9-F66BE02C7958}.Release|x64.ActiveCfg = Release|x64
		{4AD5F812-6457-4E7D-B1C9-F66BE02C7958}.Release|x64.Build.0 = Release|x64
	EndGlobalSection
	GlobalSection(SolutionProperties) = preSolution
		HideSolutionNode = FALSE
	EndGlobalSection
	GlobalSection(NestedProjects) = preSolution
		{83D297DE-ACFD-4495-86BF-79233655B1AA} = {E5B5CD14-2ED9-4484-8092-25000C9B155D}
	EndGlobalSection
	GlobalSection(ExtensibilityGlobals) = postSolution
		SolutionGuid = {2E4EDD6F-1187-4877-8A34-8253CEAC6B5E}
	EndGlobalSection
EndGlobal
